
Microsoft Visual Studio Solution File, Format Version 12.00
# Visual Studio 2013
VisualStudioVersion = 12.0.21005.1
MinimumVisualStudioVersion = 10.0.40219.1
Project("{FAE04EC0-301F-11D3-BF4B-00C04F79EFBC}") = "GKPassApp", "GKPassApp\GKPassApp.csproj", "{1C8A0268-2A06-41A0-8E37-AB77CD4DAC3E}"
EndProject
Project("{FAE04EC0-301F-11D3-BF4B-00C04F79EFBC}") = "UserInterfaceManager", "UserInterfaceManager\UserInterfaceManager.csproj", "{8A76B348-5FCB-462B-A18D-21BD9A2295B1}"
EndProject
Project("{FAE04EC0-301F-11D3-BF4B-00C04F79EFBC}") = "GKPassDomainObjects", "GKPassDomainObjects\GKPassDomainObjects.csproj", "{53562DF8-DA76-445E-AE67-C28A21C6BBED}"
EndProject
Project("{FAE04EC0-301F-11D3-BF4B-00C04F79EFBC}") = "GKPassBusiness", "GKBusiness\GKPassBusiness.csproj", "{7BEB1C34-3538-42EF-B843-C72EE953C122}"
EndProject
Global
	GlobalSection(SolutionConfigurationPlatforms) = preSolution
		Debug|Any CPU = Debug|Any CPU
		Release|Any CPU = Release|Any CPU
	EndGlobalSection
	GlobalSection(ProjectConfigurationPlatforms) = postSolution
		{1C8A0268-2A06-41A0-8E37-AB77CD4DAC3E}.Debug|Any CPU.ActiveCfg = Debug|Any CPU
		{1C8A0268-2A06-41A0-8E37-AB77CD4DAC3E}.Debug|Any CPU.Build.0 = Debug|Any CPU
		{1C8A0268-2A06-41A0-8E37-AB77CD4DAC3E}.Release|Any CPU.ActiveCfg = Release|Any CPU
		{1C8A0268-2A06-41A0-8E37-AB77CD4DAC3E}.Release|Any CPU.Build.0 = Release|Any CPU
		{8A76B348-5FCB-462B-A18D-21BD9A2295B1}.Debug|Any CPU.ActiveCfg = Debug|Any CPU
		{8A76B348-5FCB-462B-A18D-21BD9A2295B1}.Debug|Any CPU.Build.0 = Debug|Any CPU
		{8A76B348-5FCB-462B-A18D-21BD9A2295B1}.Release|Any CPU.ActiveCfg = Release|Any CPU
		{8A76B348-5FCB-462B-A18D-21BD9A2295B1}.Release|Any CPU.Build.0 = Release|Any CPU
		{53562DF8-DA76-445E-AE67-C28A21C6BBED}.Debug|Any CPU.ActiveCfg = Debug|Any CPU
		{53562DF8-DA76-445E-AE67-C28A21C6BBED}.Debug|Any CPU.Build.0 = Debug|Any CPU
		{53562DF8-DA76-445E-AE67-C28A21C6BBED}.Release|Any CPU.ActiveCfg = Release|Any CPU
		{53562DF8-DA76-445E-AE67-C28A21C6BBED}.Release|Any CPU.Build.0 = Release|Any CPU
		{7BEB1C34-3538-42EF-B843-C72EE953C122}.Debug|Any CPU.ActiveCfg = Debug|Any CPU
		{7BEB1C34-3538-42EF-B843-C72EE953C122}.Debug|Any CPU.Build.0 = Debug|Any CPU
		{7BEB1C34-3538-42EF-B843-C72EE953C122}.Release|Any CPU.ActiveCfg = Release|Any CPU
		{7BEB1C34-3538-42EF-B843-C72EE953C122}.Release|Any CPU.Build.0 = Release|Any CPU
	EndGlobalSection
	GlobalSection(SolutionProperties) = preSolution
		HideSolutionNode = FALSE
	EndGlobalSection
EndGlobal
